# This file is automatically @generated by Cargo.
# It is not intended for manual editing.
[[package]]
name = "cfg-if"
version = "0.1.3"
source = "registry+https://github.com/rust-lang/crates.io-index"

[[package]]
name = "log"
version = "0.4.1"
source = "registry+https://github.com/rust-lang/crates.io-index"
dependencies = [
 "cfg-if 0.1.3 (registry+https://github.com/rust-lang/crates.io-index)",
]

[[package]]
name = "ucd"
version = "0.1.1"
source = "registry+https://github.com/rust-lang/crates.io-index"

[[package]]
name = "unicode-normalization"
version = "0.1.7"
source = "registry+https://github.com/rust-lang/crates.io-index"

[[package]]
name = "unicode_names"
version = "0.1.7"
source = "git+https://github.com/Jokler/unicode_names?branch=update-to-latest-unicode#d97b80c3c35b9f1d04085409087ef113c94cde17"

[[package]]
name = "unicoder"
version = "0.1.0"
dependencies = [
 "log 0.4.1 (registry+https://github.com/rust-lang/crates.io-index)",
 "ucd 0.1.1 (registry+https://github.com/rust-lang/crates.io-index)",
 "unicode-normalization 0.1.7 (registry+https://github.com/rust-lang/crates.io-index)",
 "unicode_names 0.1.7 (git+https://github.com/Jokler/unicode_names?branch=update-to-latest-unicode)",
]

[metadata]
"checksum cfg-if 0.1.3 (registry+https://github.com/rust-lang/crates.io-index)" = "405216fd8fe65f718daa7102ea808a946b6ce40c742998fbfd3463645552de18"
"checksum log 0.4.1 (registry+https://github.com/rust-lang/crates.io-index)" = "89f010e843f2b1a31dbd316b3b8d443758bc634bed37aabade59c686d644e0a2"
"checksum ucd 0.1.1 (registry+https://github.com/rust-lang/crates.io-index)" = "fe4fa6e588762366f1eb4991ce59ad1b93651d0b769dfb4e4d1c5c4b943d1159"
"checksum unicode-normalization 0.1.7 (registry+https://github.com/rust-lang/crates.io-index)" = "6a0180bc61fc5a987082bfa111f4cc95c4caff7f9799f3e46df09163a937aa25"
"checksum unicode_names 0.1.7 (git+https://github.com/Jokler/unicode_names?branch=update-to-latest-unicode)" = "<none>"
